
Microsoft Visual Studio Solution File, Format Version 12.00
# Visual Studio Express 15 for Windows Desktop
VisualStudioVersion = 15.0.28307.1622
MinimumVisualStudioVersion = 10.0.40219.1
Project("{8BC9CEB8-8B4A-11D0-8D11-00A0C91BC942}") = "offt", "libs\offt\offt.vcxproj", "{43A3FF8E-B9AD-4EFD-954A-D59419B54A1A}"
EndProject
Project("{8BC9CEB8-8B4A-11D0-8D11-00A0C91BC942}") = "demo", "examples\demo\demo.vcxproj", "{147502A8-C3CB-4EA3-B500-772C64EF942A}"
EndProject
Project("{8BC9CEB8-8B4A-11D0-8D11-00A0C91BC942}") = "benchmark", "examples\benchmark\benchmark.vcxproj", "{20CD943B-050C-4677-BE75-B813CDEDA901}"
EndProject
Project("{2150E333-8FDC-42A3-9474-1A3956D46DE8}") = "Solution Items", "Solution Items", "{EA1DF2E8-FC17-48E9-B8B8-E627B673590D}"
	ProjectSection(SolutionItems) = preProject
		README.md = README.md
	EndProjectSection
EndProject
Project("{8BC9CEB8-8B4A-11D0-8D11-00A0C91BC942}") = "autotest", "examples\autotest\autotest.vcxproj", "{85DFA03D-949A-4B14-9B88-32C79BDA903E}"
EndProject
Global
	GlobalSection(SolutionConfigurationPlatforms) = preSolution
		Debug|x64 = Debug|x64
		Debug|x86 = Debug|x86
		Release|x64 = Release|x64
		Release|x86 = Release|x86
	EndGlobalSection
	GlobalSection(ProjectConfigurationPlatforms) = postSolution
		{43A3FF8E-B9AD-4EFD-954A-D59419B54A1A}.Debug|x64.ActiveCfg = Debug|x64
		{43A3FF8E-B9AD-4EFD-954A-D59419B54A1A}.Debug|x64.Build.0 = Debug|x64
		{43A3FF8E-B9AD-4EFD-954A-D59419B54A1A}.Debug|x86.ActiveCfg = Debug|Win32
		{43A3FF8E-B9AD-4EFD-954A-D59419B54A1A}.Debug|x86.Build.0 = Debug|Win32
		{43A3FF8E-B9AD-4EFD-954A-D59419B54A1A}.Release|x64.ActiveCfg = Release|x64
		{43A3FF8E-B9AD-4EFD-954A-D59419B54A1A}.Release|x64.Build.0 = Release|x64
		{43A3FF8E-B9AD-4EFD-954A-D59419B54A1A}.Release|x86.ActiveCfg = Release|Win32
		{43A3FF8E-B9AD-4EFD-954A-D59419B54A1A}.Release|x86.Build.0 = Release|Win32
		{147502A8-C3CB-4EA3-B500-772C64EF942A}.Debug|x64.ActiveCfg = Debug|x64
		{147502A8-C3CB-4EA3-B500-772C64EF942A}.Debug|x64.Build.0 = Debug|x64
		{147502A8-C3CB-4EA3-B500-772C64EF942A}.Debug|x86.ActiveCfg = Debug|Win32
		{147502A8-C3CB-4EA3-B500-772C64EF942A}.Debug|x86.Build.0 = Debug|Win32
		{147502A8-C3CB-4EA3-B500-772C64EF942A}.Release|x64.ActiveCfg = Release|x64
		{147502A8-C3CB-4EA3-B500-772C64EF942A}.Release|x64.Build.0 = Release|x64
		{147502A8-C3CB-4EA3-B500-772C64EF942A}.Release|x86.ActiveCfg = Release|Win32
		{147502A8-C3CB-4EA3-B500-772C64EF942A}.Release|x86.Build.0 = Release|Win32
		{20CD943B-050C-4677-BE75-B813CDEDA901}.Debug|x64.ActiveCfg = Debug|x64
		{20CD943B-050C-4677-BE75-B813CDEDA901}.Debug|x64.Build.0 = Debug|x64
		{20CD943B-050C-4677-BE75-B813CDEDA901}.Debug|x86.ActiveCfg = Debug|Win32
		{20CD943B-050C-4677-BE75-B813CDEDA901}.Debug|x86.Build.0 = Debug|Win32
		{20CD943B-050C-4677-BE75-B813CDEDA901}.Release|x64.ActiveCfg = Release|x64
		{20CD943B-050C-4677-BE75-B813CDEDA901}.Release|x64.Build.0 = Release|x64
		{20CD943B-050C-4677-BE75-B813CDEDA901}.Release|x86.ActiveCfg = Release|Win32
		{20CD943B-050C-4677-BE75-B813CDEDA901}.Release|x86.Build.0 = Release|Win32
		{85DFA03D-949A-4B14-9B88-32C79BDA903E}.Debug|x64.ActiveCfg = Debug|x64
		{85DFA03D-949A-4B14-9B88-32C79BDA903E}.Debug|x64.Build.0 = Debug|x64
		{85DFA03D-949A-4B14-9B88-32C79BDA903E}.Debug|x86.ActiveCfg = Debug|Win32
		{85DFA03D-949A-4B14-9B88-32C79BDA903E}.Debug|x86.Build.0 = Debug|Win32
		{85DFA03D-949A-4B14-9B88-32C79BDA903E}.Release|x64.ActiveCfg = Release|x64
		{85DFA03D-949A-4B14-9B88-32C79BDA903E}.Release|x64.Build.0 = Release|x64
		{85DFA03D-949A-4B14-9B88-32C79BDA903E}.Release|x86.ActiveCfg = Release|Win32
		{85DFA03D-949A-4B14-9B88-32C79BDA903E}.Release|x86.Build.0 = Release|Win32
	EndGlobalSection
	GlobalSection(SolutionProperties) = preSolution
		HideSolutionNode = FALSE
	EndGlobalSection
	GlobalSection(ExtensibilityGlobals) = postSolution
		SolutionGuid = {EB2A7DDF-03C4-445D-9BDC-2025C17B7B3E}
	EndGlobalSection
EndGlobal
