<?xml version="1.0" encoding="utf-8"?>
<Project ToolsVersion="4.0" xmlns="http://schemas.microsoft.com/developer/msbuild/2003">
  <ItemGroup>
    <ClInclude Include="fourier.h" />
    <ClInclude Include="fourier_parameters.h" />
    <ClInclude Include="backend\fourier_base.h" />
    <ClInclude Include="backend\module_base.h" />
    <ClInclude Include="backend\module_manager.h" />
    <ClInclude Include="backend\phasors.h" />
    <ClInclude Include="backend\program.h" />
    <ClInclude Include="backend\rader_module.h" />
    <ClInclude Include="backend\standard_module.h" />
    <ClInclude Include="backend\storage.h" />
    <ClInclude Include="math\even_q.h" />
    <ClInclude Include="math\extended_gcd.h" />
    <ClInclude Include="math\factor_integer.h" />
    <ClInclude Include="math\gcd.h" />
    <ClInclude Include="math\list_product.h" />
    <ClInclude Include="math\miller_rabin_probable_prime_q.h" />
    <ClInclude Include="math\mod.h" />
    <ClInclude Include="math\odd_q.h" />
    <ClInclude Include="math\power_mod.h" />
    <ClInclude Include="math\prime_q.h" />
    <ClInclude Include="math\primitive_root.h" />
    <ClInclude Include="math\times_plus_mod.h" />
  </ItemGroup>
  <ItemGroup>
    <ClCompile Include="fourier_parameters.cpp" />
    <ClCompile Include="backend\standard_modules\module_2.cpp" />
    <ClCompile Include="backend\standard_modules\module_3.cpp" />
    <ClCompile Include="backend\standard_modules\module_4.cpp" />
    <ClCompile Include="backend\standard_modules\module_5.cpp" />
    <ClCompile Include="backend\standard_modules\module_6.cpp" />
    <ClCompile Include="backend\standard_modules\module_7.cpp" />
    <ClCompile Include="backend\standard_modules\module_8.cpp" />
    <ClCompile Include="backend\standard_modules\module_9.cpp" />
    <ClCompile Include="backend\standard_modules\module_10.cpp" />
    <ClCompile Include="backend\standard_modules\module_11.cpp" />
    <ClCompile Include="backend\standard_modules\module_12.cpp" />
    <ClCompile Include="backend\standard_modules\module_13.cpp" />
    <ClCompile Include="backend\standard_modules\module_14.cpp" />
    <ClCompile Include="backend\standard_modules\module_15.cpp" />
    <ClCompile Include="backend\standard_modules\module_16.cpp" />
    <ClCompile Include="backend\standard_modules\module_17.cpp" />
    <ClCompile Include="backend\standard_modules\module_18.cpp" />
    <ClCompile Include="backend\standard_modules\module_19.cpp" />
    <ClCompile Include="backend\standard_modules\module_20.cpp" />
    <ClCompile Include="backend\standard_modules\module_21.cpp" />
    <ClCompile Include="backend\standard_modules\module_22.cpp" />
    <ClCompile Include="backend\standard_modules\module_23.cpp" />
    <ClCompile Include="backend\standard_modules\module_24.cpp" />
    <ClCompile Include="backend\standard_modules\module_25.cpp" />
    <ClCompile Include="backend\standard_modules\module_26.cpp" />
    <ClCompile Include="backend\standard_modules\module_27.cpp" />
    <ClCompile Include="backend\standard_modules\module_28.cpp" />
    <ClCompile Include="backend\standard_modules\module_29.cpp" />
    <ClCompile Include="backend\standard_modules\module_30.cpp" />
    <ClCompile Include="backend\standard_modules\module_31.cpp" />
    <ClCompile Include="backend\standard_modules\module_32.cpp" />
    <ClCompile Include="backend\fourier_base.cpp" />
    <ClCompile Include="backend\module_manager.cpp" />
    <ClCompile Include="backend\phasors.cpp" />
    <ClCompile Include="backend\program.cpp" />
    <ClCompile Include="backend\rader_module.cpp" />
    <ClCompile Include="backend\storage.cpp" />
    <ClCompile Include="math\even_q.cpp" />
    <ClCompile Include="math\extended_gcd.cpp" />
    <ClCompile Include="math\factor_integer.cpp" />
    <ClCompile Include="math\gcd.cpp" />
    <ClCompile Include="math\list_product.cpp" />
    <ClCompile Include="math\miller_rabin_probable_prime_q.cpp" />
    <ClCompile Include="math\mod.cpp" />
    <ClCompile Include="math\odd_q.cpp" />
    <ClCompile Include="math\power_mod.cpp" />
    <ClCompile Include="math\prime_q.cpp" />
    <ClCompile Include="math\primitive_root.cpp" />
    <ClCompile Include="math\times_plus_mod.cpp" />
  </ItemGroup>
</Project>